Microsoft Visual Studio Solution File, Format Version 12.00
# Visual Studio Version 17
VisualStudioVersion = 17.5.2.0
MinimumVisualStudioVersion = 10.0.40219.1
Project("{FAE04EC0-301F-11D3-BF4B-00C04F79EFBC}") = "BlazorLayout", "BlazorLayout.csproj", "{72993035-F68E-9717-29B3-6CCF4E4C5E8F}"
EndProject
Global
	GlobalSection(SolutionConfigurationPlatforms) = preSolution
		Debug|Any CPU = Debug|Any CPU
		Release|Any CPU = Release|Any CPU
	EndGlobalSection
	GlobalSection(ProjectConfigurationPlatforms) = postSolution
		{72993035-F68E-9717-29B3-6CCF4E4C5E8F}.Debug|Any CPU.ActiveCfg = Debug|Any CPU
		{72993035-F68E-9717-29B3-6CCF4E4C5E8F}.Debug|Any CPU.Build.0 = Debug|Any CPU
		{72993035-F68E-9717-29B3-6CCF4E4C5E8F}.Release|Any CPU.ActiveCfg = Release|Any CPU
		{72993035-F68E-9717-29B3-6CCF4E4C5E8F}.Release|Any CPU.Build.0 = Release|Any CPU
	EndGlobalSection
	GlobalSection(SolutionProperties) = preSolution
		HideSolutionNode = FALSE
	EndGlobalSection
	GlobalSection(ExtensibilityGlobals) = postSolution
		SolutionGuid = {B0F72339-1427-4F26-BF85-B965123F2D90}
	EndGlobalSection
EndGlobal
